{
  "name": "poolx",
  "version": "1.0.0",
  "lockfileVersion": 1,
  "requires": true,
  "dependencies": {
    "@openzeppelin/contracts": {
      "version": "3.0.2",
      "resolved": "https://registry.npmjs.org/@openzeppelin/contracts/-/contracts-3.0.2.tgz",
      "integrity": "sha512-eK9F3jEbjQeRYLiqrHUrXCZBxE+7L4Ve5scYInsLezuasoFkrrEFlnDWD8gbN+6e5NgdgJP9fTWxjxWmaHh7dA=="
    }
  }
}
